
Microsoft Visual Studio Solution File, Format Version 12.00
# Visual Studio Version 16
VisualStudioVersion = 16.0.30907.101
MinimumVisualStudioVersion = 10.0.40219.1
Project("{FAE04EC0-301F-11D3-BF4B-00C04F79EFBC}") = "GameProject", "GameProject\GameProject.csproj", "{1DBA3CA2-95C4-491E-84E5-87F2C76143EC}"
EndProject
Global
	GlobalSection(SolutionConfigurationPlatforms) = preSolution
		Debug|Any CPU = Debug|Any CPU
		Release|Any CPU = Release|Any CPU
	EndGlobalSection
	GlobalSection(ProjectConfigurationPlatforms) = postSolution
		{1DBA3CA2-95C4-491E-84E5-87F2C76143EC}.Debug|Any CPU.ActiveCfg = Debug|Any CPU
		{1DBA3CA2-95C4-491E-84E5-87F2C76143EC}.Debug|Any CPU.Build.0 = Debug|Any CPU
		{1DBA3CA2-95C4-491E-84E5-87F2C76143EC}.Release|Any CPU.ActiveCfg = Release|Any CPU
		{1DBA3CA2-95C4-491E-84E5-87F2C76143EC}.Release|Any CPU.Build.0 = Release|Any CPU
	EndGlobalSection
	GlobalSection(SolutionProperties) = preSolution
		HideSolutionNode = FALSE
	EndGlobalSection
	GlobalSection(ExtensibilityGlobals) = postSolution
		SolutionGuid = {E8A40BBE-B903-4F29-BBE9-AC1433CDF51C}
	EndGlobalSection
EndGlobal
